
Microsoft Visual Studio Solution File, Format Version 12.00
# Visual Studio 15
VisualStudioVersion = 15.0.28307.2092
MinimumVisualStudioVersion = 10.0.40219.1
Project("{8BC9CEB8-8B4A-11D0-8D11-00A0C91BC942}") = "Leetcode - 540", "Leetcode - 540\Leetcode - 540.vcxproj", "{E2912D15-A8E0-4AF2-B157-C14652416E37}"
EndProject
Global
	GlobalSection(SolutionConfigurationPlatforms) = preSolution
		Debug|x64 = Debug|x64
		Debug|x86 = Debug|x86
		Release|x64 = Release|x64
		Release|x86 = Release|x86
	EndGlobalSection
	GlobalSection(ProjectConfigurationPlatforms) = postSolution
		{E2912D15-A8E0-4AF2-B157-C14652416E37}.Debug|x64.ActiveCfg = Debug|x64
		{E2912D15-A8E0-4AF2-B157-C14652416E37}.Debug|x64.Build.0 = Debug|x64
		{E2912D15-A8E0-4AF2-B157-C14652416E37}.Debug|x86.ActiveCfg = Debug|Win32
		{E2912D15-A8E0-4AF2-B157-C14652416E37}.Debug|x86.Build.0 = Debug|Win32
		{E2912D15-A8E0-4AF2-B157-C14652416E37}.Release|x64.ActiveCfg = Release|x64
		{E2912D15-A8E0-4AF2-B157-C14652416E37}.Release|x64.Build.0 = Release|x64
		{E2912D15-A8E0-4AF2-B157-C14652416E37}.Release|x86.ActiveCfg = Release|Win32
		{E2912D15-A8E0-4AF2-B157-C14652416E37}.Release|x86.Build.0 = Release|Win32
	EndGlobalSection
	GlobalSection(SolutionProperties) = preSolution
		HideSolutionNode = FALSE
	EndGlobalSection
	GlobalSection(ExtensibilityGlobals) = postSolution
		SolutionGuid = {4D99898E-ED51-4FD6-B36D-0C6236E26841}
	EndGlobalSection
EndGlobal
