
Microsoft Visual Studio Solution File, Format Version 12.00
# Visual Studio 15
VisualStudioVersion = 15.0.28307.2092
MinimumVisualStudioVersion = 10.0.40219.1
Project("{8BC9CEB8-8B4A-11D0-8D11-00A0C91BC942}") = "Leetcode  - 2221", "Leetcode  - 2221\Leetcode  - 2221.vcxproj", "{A2690717-4BE1-4A6D-8EB7-F6A4BB385DCD}"
EndProject
Global
	GlobalSection(SolutionConfigurationPlatforms) = preSolution
		Debug|x64 = Debug|x64
		Debug|x86 = Debug|x86
		Release|x64 = Release|x64
		Release|x86 = Release|x86
	EndGlobalSection
	GlobalSection(ProjectConfigurationPlatforms) = postSolution
		{A2690717-4BE1-4A6D-8EB7-F6A4BB385DCD}.Debug|x64.ActiveCfg = Debug|x64
		{A2690717-4BE1-4A6D-8EB7-F6A4BB385DCD}.Debug|x64.Build.0 = Debug|x64
		{A2690717-4BE1-4A6D-8EB7-F6A4BB385DCD}.Debug|x86.ActiveCfg = Debug|Win32
		{A2690717-4BE1-4A6D-8EB7-F6A4BB385DCD}.Debug|x86.Build.0 = Debug|Win32
		{A2690717-4BE1-4A6D-8EB7-F6A4BB385DCD}.Release|x64.ActiveCfg = Release|x64
		{A2690717-4BE1-4A6D-8EB7-F6A4BB385DCD}.Release|x64.Build.0 = Release|x64
		{A2690717-4BE1-4A6D-8EB7-F6A4BB385DCD}.Release|x86.ActiveCfg = Release|Win32
		{A2690717-4BE1-4A6D-8EB7-F6A4BB385DCD}.Release|x86.Build.0 = Release|Win32
	EndGlobalSection
	GlobalSection(SolutionProperties) = preSolution
		HideSolutionNode = FALSE
	EndGlobalSection
	GlobalSection(ExtensibilityGlobals) = postSolution
		SolutionGuid = {10F5F89F-6794-4298-8F96-D6EB34CEC259}
	EndGlobalSection
EndGlobal
