
Microsoft Visual Studio Solution File, Format Version 12.00
# Visual Studio 15
VisualStudioVersion = 15.0.28307.2092
MinimumVisualStudioVersion = 10.0.40219.1
Project("{8BC9CEB8-8B4A-11D0-8D11-00A0C91BC942}") = "Leetcode - 1323", "Leetcode - 1323\Leetcode - 1323.vcxproj", "{7F185418-BD18-4A70-8F2D-ED47708158AE}"
EndProject
Global
	GlobalSection(SolutionConfigurationPlatforms) = preSolution
		Debug|x64 = Debug|x64
		Debug|x86 = Debug|x86
		Release|x64 = Release|x64
		Release|x86 = Release|x86
	EndGlobalSection
	GlobalSection(ProjectConfigurationPlatforms) = postSolution
		{7F185418-BD18-4A70-8F2D-ED47708158AE}.Debug|x64.ActiveCfg = Debug|x64
		{7F185418-BD18-4A70-8F2D-ED47708158AE}.Debug|x64.Build.0 = Debug|x64
		{7F185418-BD18-4A70-8F2D-ED47708158AE}.Debug|x86.ActiveCfg = Debug|Win32
		{7F185418-BD18-4A70-8F2D-ED47708158AE}.Debug|x86.Build.0 = Debug|Win32
		{7F185418-BD18-4A70-8F2D-ED47708158AE}.Release|x64.ActiveCfg = Release|x64
		{7F185418-BD18-4A70-8F2D-ED47708158AE}.Release|x64.Build.0 = Release|x64
		{7F185418-BD18-4A70-8F2D-ED47708158AE}.Release|x86.ActiveCfg = Release|Win32
		{7F185418-BD18-4A70-8F2D-ED47708158AE}.Release|x86.Build.0 = Release|Win32
	EndGlobalSection
	GlobalSection(SolutionProperties) = preSolution
		HideSolutionNode = FALSE
	EndGlobalSection
	GlobalSection(ExtensibilityGlobals) = postSolution
		SolutionGuid = {ADAA3367-A6A7-4C14-8AE2-26517CA6A71D}
	EndGlobalSection
EndGlobal
