
Microsoft Visual Studio Solution File, Format Version 12.00
# Visual Studio 15
VisualStudioVersion = 15.0.28307.2092
MinimumVisualStudioVersion = 10.0.40219.1
Project("{8BC9CEB8-8B4A-11D0-8D11-00A0C91BC942}") = "CreateTargetArrayInTheGivenOrder", "CreateTargetArrayInTheGivenOrder\CreateTargetArrayInTheGivenOrder.vcxproj", "{F8590771-ADA6-413C-86E2-BCACCD1571FC}"
EndProject
Global
	GlobalSection(SolutionConfigurationPlatforms) = preSolution
		Debug|x64 = Debug|x64
		Debug|x86 = Debug|x86
		Release|x64 = Release|x64
		Release|x86 = Release|x86
	EndGlobalSection
	GlobalSection(ProjectConfigurationPlatforms) = postSolution
		{F8590771-ADA6-413C-86E2-BCACCD1571FC}.Debug|x64.ActiveCfg = Debug|x64
		{F8590771-ADA6-413C-86E2-BCACCD1571FC}.Debug|x64.Build.0 = Debug|x64
		{F8590771-ADA6-413C-86E2-BCACCD1571FC}.Debug|x86.ActiveCfg = Debug|Win32
		{F8590771-ADA6-413C-86E2-BCACCD1571FC}.Debug|x86.Build.0 = Debug|Win32
		{F8590771-ADA6-413C-86E2-BCACCD1571FC}.Release|x64.ActiveCfg = Release|x64
		{F8590771-ADA6-413C-86E2-BCACCD1571FC}.Release|x64.Build.0 = Release|x64
		{F8590771-ADA6-413C-86E2-BCACCD1571FC}.Release|x86.ActiveCfg = Release|Win32
		{F8590771-ADA6-413C-86E2-BCACCD1571FC}.Release|x86.Build.0 = Release|Win32
	EndGlobalSection
	GlobalSection(SolutionProperties) = preSolution
		HideSolutionNode = FALSE
	EndGlobalSection
	GlobalSection(ExtensibilityGlobals) = postSolution
		SolutionGuid = {15EF414D-7487-4121-8893-E756FA19E768}
	EndGlobalSection
EndGlobal
