
Microsoft Visual Studio Solution File, Format Version 12.00
# Visual Studio 15
VisualStudioVersion = 15.0.28307.2092
MinimumVisualStudioVersion = 10.0.40219.1
Project("{8BC9CEB8-8B4A-11D0-8D11-00A0C91BC942}") = "First Letter to Appear Twice", "First Letter to Appear Twice\First Letter to Appear Twice.vcxproj", "{86838712-7B03-403B-A0FF-D42F42895BA6}"
EndProject
Global
	GlobalSection(SolutionConfigurationPlatforms) = preSolution
		Debug|x64 = Debug|x64
		Debug|x86 = Debug|x86
		Release|x64 = Release|x64
		Release|x86 = Release|x86
	EndGlobalSection
	GlobalSection(ProjectConfigurationPlatforms) = postSolution
		{86838712-7B03-403B-A0FF-D42F42895BA6}.Debug|x64.ActiveCfg = Debug|x64
		{86838712-7B03-403B-A0FF-D42F42895BA6}.Debug|x64.Build.0 = Debug|x64
		{86838712-7B03-403B-A0FF-D42F42895BA6}.Debug|x86.ActiveCfg = Debug|Win32
		{86838712-7B03-403B-A0FF-D42F42895BA6}.Debug|x86.Build.0 = Debug|Win32
		{86838712-7B03-403B-A0FF-D42F42895BA6}.Release|x64.ActiveCfg = Release|x64
		{86838712-7B03-403B-A0FF-D42F42895BA6}.Release|x64.Build.0 = Release|x64
		{86838712-7B03-403B-A0FF-D42F42895BA6}.Release|x86.ActiveCfg = Release|Win32
		{86838712-7B03-403B-A0FF-D42F42895BA6}.Release|x86.Build.0 = Release|Win32
	EndGlobalSection
	GlobalSection(SolutionProperties) = preSolution
		HideSolutionNode = FALSE
	EndGlobalSection
	GlobalSection(ExtensibilityGlobals) = postSolution
		SolutionGuid = {DC904960-5002-4213-B668-053970E6B69E}
	EndGlobalSection
EndGlobal
