
Microsoft Visual Studio Solution File, Format Version 12.00
# Visual Studio 15
VisualStudioVersion = 15.0.28307.2092
MinimumVisualStudioVersion = 10.0.40219.1
Project("{8BC9CEB8-8B4A-11D0-8D11-00A0C91BC942}") = "Leetcode - 74", "Leetcode - 74\Leetcode - 74.vcxproj", "{F90FCE1F-6A15-471A-859B-586B1392134C}"
EndProject
Global
	GlobalSection(SolutionConfigurationPlatforms) = preSolution
		Debug|x64 = Debug|x64
		Debug|x86 = Debug|x86
		Release|x64 = Release|x64
		Release|x86 = Release|x86
	EndGlobalSection
	GlobalSection(ProjectConfigurationPlatforms) = postSolution
		{F90FCE1F-6A15-471A-859B-586B1392134C}.Debug|x64.ActiveCfg = Debug|x64
		{F90FCE1F-6A15-471A-859B-586B1392134C}.Debug|x64.Build.0 = Debug|x64
		{F90FCE1F-6A15-471A-859B-586B1392134C}.Debug|x86.ActiveCfg = Debug|Win32
		{F90FCE1F-6A15-471A-859B-586B1392134C}.Debug|x86.Build.0 = Debug|Win32
		{F90FCE1F-6A15-471A-859B-586B1392134C}.Release|x64.ActiveCfg = Release|x64
		{F90FCE1F-6A15-471A-859B-586B1392134C}.Release|x64.Build.0 = Release|x64
		{F90FCE1F-6A15-471A-859B-586B1392134C}.Release|x86.ActiveCfg = Release|Win32
		{F90FCE1F-6A15-471A-859B-586B1392134C}.Release|x86.Build.0 = Release|Win32
	EndGlobalSection
	GlobalSection(SolutionProperties) = preSolution
		HideSolutionNode = FALSE
	EndGlobalSection
	GlobalSection(ExtensibilityGlobals) = postSolution
		SolutionGuid = {8C6FD05A-EC69-4CCD-931E-181EB3FF2679}
	EndGlobalSection
EndGlobal
