
Microsoft Visual Studio Solution File, Format Version 12.00
# Visual Studio 15
VisualStudioVersion = 15.0.28307.2092
MinimumVisualStudioVersion = 10.0.40219.1
Project("{8BC9CEB8-8B4A-11D0-8D11-00A0C91BC942}") = "Leetcode - 442", "Leetcode - 442\Leetcode - 442.vcxproj", "{118E16A7-3D02-401D-BD12-297EEAB94722}"
EndProject
Global
	GlobalSection(SolutionConfigurationPlatforms) = preSolution
		Debug|x64 = Debug|x64
		Debug|x86 = Debug|x86
		Release|x64 = Release|x64
		Release|x86 = Release|x86
	EndGlobalSection
	GlobalSection(ProjectConfigurationPlatforms) = postSolution
		{118E16A7-3D02-401D-BD12-297EEAB94722}.Debug|x64.ActiveCfg = Debug|x64
		{118E16A7-3D02-401D-BD12-297EEAB94722}.Debug|x64.Build.0 = Debug|x64
		{118E16A7-3D02-401D-BD12-297EEAB94722}.Debug|x86.ActiveCfg = Debug|Win32
		{118E16A7-3D02-401D-BD12-297EEAB94722}.Debug|x86.Build.0 = Debug|Win32
		{118E16A7-3D02-401D-BD12-297EEAB94722}.Release|x64.ActiveCfg = Release|x64
		{118E16A7-3D02-401D-BD12-297EEAB94722}.Release|x64.Build.0 = Release|x64
		{118E16A7-3D02-401D-BD12-297EEAB94722}.Release|x86.ActiveCfg = Release|Win32
		{118E16A7-3D02-401D-BD12-297EEAB94722}.Release|x86.Build.0 = Release|Win32
	EndGlobalSection
	GlobalSection(SolutionProperties) = preSolution
		HideSolutionNode = FALSE
	EndGlobalSection
	GlobalSection(ExtensibilityGlobals) = postSolution
		SolutionGuid = {DF90BF32-CD49-4910-8B12-A79863C92E11}
	EndGlobalSection
EndGlobal
