
Microsoft Visual Studio Solution File, Format Version 12.00
# Visual Studio 15
VisualStudioVersion = 15.0.28307.2092
MinimumVisualStudioVersion = 10.0.40219.1
Project("{8BC9CEB8-8B4A-11D0-8D11-00A0C91BC942}") = "Leetcode - 287", "Leetcode - 287\Leetcode - 287.vcxproj", "{F3664B06-95F0-4327-9A67-D32F75BE41DD}"
EndProject
Global
	GlobalSection(SolutionConfigurationPlatforms) = preSolution
		Debug|x64 = Debug|x64
		Debug|x86 = Debug|x86
		Release|x64 = Release|x64
		Release|x86 = Release|x86
	EndGlobalSection
	GlobalSection(ProjectConfigurationPlatforms) = postSolution
		{F3664B06-95F0-4327-9A67-D32F75BE41DD}.Debug|x64.ActiveCfg = Debug|x64
		{F3664B06-95F0-4327-9A67-D32F75BE41DD}.Debug|x64.Build.0 = Debug|x64
		{F3664B06-95F0-4327-9A67-D32F75BE41DD}.Debug|x86.ActiveCfg = Debug|Win32
		{F3664B06-95F0-4327-9A67-D32F75BE41DD}.Debug|x86.Build.0 = Debug|Win32
		{F3664B06-95F0-4327-9A67-D32F75BE41DD}.Release|x64.ActiveCfg = Release|x64
		{F3664B06-95F0-4327-9A67-D32F75BE41DD}.Release|x64.Build.0 = Release|x64
		{F3664B06-95F0-4327-9A67-D32F75BE41DD}.Release|x86.ActiveCfg = Release|Win32
		{F3664B06-95F0-4327-9A67-D32F75BE41DD}.Release|x86.Build.0 = Release|Win32
	EndGlobalSection
	GlobalSection(SolutionProperties) = preSolution
		HideSolutionNode = FALSE
	EndGlobalSection
	GlobalSection(ExtensibilityGlobals) = postSolution
		SolutionGuid = {859E3015-354D-4D6C-ABA2-DA09E62832F4}
	EndGlobalSection
EndGlobal
