
Microsoft Visual Studio Solution File, Format Version 12.00
# Visual Studio 15
VisualStudioVersion = 15.0.28307.2092
MinimumVisualStudioVersion = 10.0.40219.1
Project("{8BC9CEB8-8B4A-11D0-8D11-00A0C91BC942}") = "SmallestNumberInInfiniteSet", "SmallestNumberInInfiniteSet\SmallestNumberInInfiniteSet.vcxproj", "{FE63E016-784A-4E2D-BF87-CAE477B28B1F}"
EndProject
Global
	GlobalSection(SolutionConfigurationPlatforms) = preSolution
		Debug|x64 = Debug|x64
		Debug|x86 = Debug|x86
		Release|x64 = Release|x64
		Release|x86 = Release|x86
	EndGlobalSection
	GlobalSection(ProjectConfigurationPlatforms) = postSolution
		{FE63E016-784A-4E2D-BF87-CAE477B28B1F}.Debug|x64.ActiveCfg = Debug|x64
		{FE63E016-784A-4E2D-BF87-CAE477B28B1F}.Debug|x64.Build.0 = Debug|x64
		{FE63E016-784A-4E2D-BF87-CAE477B28B1F}.Debug|x86.ActiveCfg = Debug|Win32
		{FE63E016-784A-4E2D-BF87-CAE477B28B1F}.Debug|x86.Build.0 = Debug|Win32
		{FE63E016-784A-4E2D-BF87-CAE477B28B1F}.Release|x64.ActiveCfg = Release|x64
		{FE63E016-784A-4E2D-BF87-CAE477B28B1F}.Release|x64.Build.0 = Release|x64
		{FE63E016-784A-4E2D-BF87-CAE477B28B1F}.Release|x86.ActiveCfg = Release|Win32
		{FE63E016-784A-4E2D-BF87-CAE477B28B1F}.Release|x86.Build.0 = Release|Win32
	EndGlobalSection
	GlobalSection(SolutionProperties) = preSolution
		HideSolutionNode = FALSE
	EndGlobalSection
	GlobalSection(ExtensibilityGlobals) = postSolution
		SolutionGuid = {D18857A8-E9A7-43B0-9681-D3596B67D1DC}
	EndGlobalSection
EndGlobal
